
Microsoft Visual Studio Solution File, Format Version 12.00
# Visual Studio Version 17
VisualStudioVersion = 17.5.33414.496
MinimumVisualStudioVersion = 10.0.40219.1
Project("{8BC9CEB8-8B4A-11D0-8D11-00A0C91BC942}") = "curcularqueues_156", "curcularqueues_156\curcularqueues_156.vcxproj", "{61F5FFA6-3D5C-4FB6-9DC9-A8789D485E5A}"
EndProject
Global
	GlobalSection(SolutionConfigurationPlatforms) = preSolution
		Debug|x64 = Debug|x64
		Debug|x86 = Debug|x86
		Release|x64 = Release|x64
		Release|x86 = Release|x86
	EndGlobalSection
	GlobalSection(ProjectConfigurationPlatforms) = postSolution
		{61F5FFA6-3D5C-4FB6-9DC9-A8789D485E5A}.Debug|x64.ActiveCfg = Debug|x64
		{61F5FFA6-3D5C-4FB6-9DC9-A8789D485E5A}.Debug|x64.Build.0 = Debug|x64
		{61F5FFA6-3D5C-4FB6-9DC9-A8789D485E5A}.Debug|x86.ActiveCfg = Debug|Win32
		{61F5FFA6-3D5C-4FB6-9DC9-A8789D485E5A}.Debug|x86.Build.0 = Debug|Win32
		{61F5FFA6-3D5C-4FB6-9DC9-A8789D485E5A}.Release|x64.ActiveCfg = Release|x64
		{61F5FFA6-3D5C-4FB6-9DC9-A8789D485E5A}.Release|x64.Build.0 = Release|x64
		{61F5FFA6-3D5C-4FB6-9DC9-A8789D485E5A}.Release|x86.ActiveCfg = Release|Win32
		{61F5FFA6-3D5C-4FB6-9DC9-A8789D485E5A}.Release|x86.Build.0 = Release|Win32
	EndGlobalSection
	GlobalSection(SolutionProperties) = preSolution
		HideSolutionNode = FALSE
	EndGlobalSection
	GlobalSection(ExtensibilityGlobals) = postSolution
		SolutionGuid = {874D30A6-2A30-47FE-A8F8-B3F679321A73}
	EndGlobalSection
EndGlobal
